
Microsoft Visual Studio Solution File, Format Version 12.00
# Visual Studio Version 17
VisualStudioVersion = 17.0.31903.59
MinimumVisualStudioVersion = 10.0.40219.1
Project("{2150E333-8FDC-42A3-9474-1A3956D46DE8}") = "src", "src", "{827E0CD3-B72D-47B6-A68D-7590B98EB39B}"
EndProject
Project("{FAE04EC0-301F-11D3-BF4B-00C04F79EFBC}") = "Studywise.Cli", "src\Studywise.Cli\Studywise.Cli.csproj", "{41B96967-B255-4A22-89EC-394A1959AB62}"
EndProject
Project("{2150E333-8FDC-42A3-9474-1A3956D46DE8}") = "test", "test", "{0C88DD14-F956-CE84-757C-A364CCF449FC}"
EndProject
Project("{FAE04EC0-301F-11D3-BF4B-00C04F79EFBC}") = "Studywise.CLI.UnitTests", "test\Studywise.CLI.UnitTests\Studywise.Cli.UnitTests\Studywise.CLI.UnitTests.csproj", "{5A6F1670-C4A4-4AF6-92A4-9F66DE7AFD44}"
EndProject
Project("{FAE04EC0-301F-11D3-BF4B-00C04F79EFBC}") = "Studywise.CLI.IntegrationTests", "test\Studywise.CLI.IntegrationTests\Studywise.Cli.IntegrationTests\Studywise.CLI.IntegrationTests.csproj", "{894E6DD5-F04D-451D-826E-BED054B3DB7C}"
EndProject
Project("{FAE04EC0-301F-11D3-BF4B-00C04F79EFBC}") = "Studywise.CLI.E2ETests", "test\Studywise.CLI.E2ETests\Studywise.CLI.E2ETests.csproj", "{2347245A-E5D6-40FA-8735-213C5422BBD2}"
EndProject
Global
	GlobalSection(SolutionConfigurationPlatforms) = preSolution
		Debug|Any CPU = Debug|Any CPU
		Debug|x64 = Debug|x64
		Debug|x86 = Debug|x86
		Release|Any CPU = Release|Any CPU
		Release|x64 = Release|x64
		Release|x86 = Release|x86
	EndGlobalSection
	GlobalSection(ProjectConfigurationPlatforms) = postSolution
		{41B96967-B255-4A22-89EC-394A1959AB62}.Debug|Any CPU.ActiveCfg = Debug|Any CPU
		{41B96967-B255-4A22-89EC-394A1959AB62}.Debug|Any CPU.Build.0 = Debug|Any CPU
		{41B96967-B255-4A22-89EC-394A1959AB62}.Debug|x64.ActiveCfg = Debug|Any CPU
		{41B96967-B255-4A22-89EC-394A1959AB62}.Debug|x64.Build.0 = Debug|Any CPU
		{41B96967-B255-4A22-89EC-394A1959AB62}.Debug|x86.ActiveCfg = Debug|Any CPU
		{41B96967-B255-4A22-89EC-394A1959AB62}.Debug|x86.Build.0 = Debug|Any CPU
		{41B96967-B255-4A22-89EC-394A1959AB62}.Release|Any CPU.ActiveCfg = Release|Any CPU
		{41B96967-B255-4A22-89EC-394A1959AB62}.Release|Any CPU.Build.0 = Release|Any CPU
		{41B96967-B255-4A22-89EC-394A1959AB62}.Release|x64.ActiveCfg = Release|Any CPU
		{41B96967-B255-4A22-89EC-394A1959AB62}.Release|x64.Build.0 = Release|Any CPU
		{41B96967-B255-4A22-89EC-394A1959AB62}.Release|x86.ActiveCfg = Release|Any CPU
		{41B96967-B255-4A22-89EC-394A1959AB62}.Release|x86.Build.0 = Release|Any CPU
		{5A6F1670-C4A4-4AF6-92A4-9F66DE7AFD44}.Debug|Any CPU.ActiveCfg = Debug|Any CPU
		{5A6F1670-C4A4-4AF6-92A4-9F66DE7AFD44}.Debug|Any CPU.Build.0 = Debug|Any CPU
		{5A6F1670-C4A4-4AF6-92A4-9F66DE7AFD44}.Debug|x64.ActiveCfg = Debug|Any CPU
		{5A6F1670-C4A4-4AF6-92A4-9F66DE7AFD44}.Debug|x64.Build.0 = Debug|Any CPU
		{5A6F1670-C4A4-4AF6-92A4-9F66DE7AFD44}.Debug|x86.ActiveCfg = Debug|Any CPU
		{5A6F1670-C4A4-4AF6-92A4-9F66DE7AFD44}.Debug|x86.Build.0 = Debug|Any CPU
		{5A6F1670-C4A4-4AF6-92A4-9F66DE7AFD44}.Release|Any CPU.ActiveCfg = Release|Any CPU
		{5A6F1670-C4A4-4AF6-92A4-9F66DE7AFD44}.Release|Any CPU.Build.0 = Release|Any CPU
		{5A6F1670-C4A4-4AF6-92A4-9F66DE7AFD44}.Release|x64.ActiveCfg = Release|Any CPU
		{5A6F1670-C4A4-4AF6-92A4-9F66DE7AFD44}.Release|x64.Build.0 = Release|Any CPU
		{5A6F1670-C4A4-4AF6-92A4-9F66DE7AFD44}.Release|x86.ActiveCfg = Release|Any CPU
		{5A6F1670-C4A4-4AF6-92A4-9F66DE7AFD44}.Release|x86.Build.0 = Release|Any CPU
		{894E6DD5-F04D-451D-826E-BED054B3DB7C}.Debug|Any CPU.ActiveCfg = Debug|Any CPU
		{894E6DD5-F04D-451D-826E-BED054B3DB7C}.Debug|Any CPU.Build.0 = Debug|Any CPU
		{894E6DD5-F04D-451D-826E-BED054B3DB7C}.Debug|x64.ActiveCfg = Debug|Any CPU
		{894E6DD5-F04D-451D-826E-BED054B3DB7C}.Debug|x64.Build.0 = Debug|Any CPU
		{894E6DD5-F04D-451D-826E-BED054B3DB7C}.Debug|x86.ActiveCfg = Debug|Any CPU
		{894E6DD5-F04D-451D-826E-BED054B3DB7C}.Debug|x86.Build.0 = Debug|Any CPU
		{894E6DD5-F04D-451D-826E-BED054B3DB7C}.Release|Any CPU.ActiveCfg = Release|Any CPU
		{894E6DD5-F04D-451D-826E-BED054B3DB7C}.Release|Any CPU.Build.0 = Release|Any CPU
		{894E6DD5-F04D-451D-826E-BED054B3DB7C}.Release|x64.ActiveCfg = Release|Any CPU
		{894E6DD5-F04D-451D-826E-BED054B3DB7C}.Release|x64.Build.0 = Release|Any CPU
		{894E6DD5-F04D-451D-826E-BED054B3DB7C}.Release|x86.ActiveCfg = Release|Any CPU
		{894E6DD5-F04D-451D-826E-BED054B3DB7C}.Release|x86.Build.0 = Release|Any CPU
		{2347245A-E5D6-40FA-8735-213C5422BBD2}.Debug|Any CPU.ActiveCfg = Debug|Any CPU
		{2347245A-E5D6-40FA-8735-213C5422BBD2}.Debug|Any CPU.Build.0 = Debug|Any CPU
		{2347245A-E5D6-40FA-8735-213C5422BBD2}.Debug|x64.ActiveCfg = Debug|Any CPU
		{2347245A-E5D6-40FA-8735-213C5422BBD2}.Debug|x64.Build.0 = Debug|Any CPU
		{2347245A-E5D6-40FA-8735-213C5422BBD2}.Debug|x86.ActiveCfg = Debug|Any CPU
		{2347245A-E5D6-40FA-8735-213C5422BBD2}.Debug|x86.Build.0 = Debug|Any CPU
		{2347245A-E5D6-40FA-8735-213C5422BBD2}.Release|Any CPU.ActiveCfg = Release|Any CPU
		{2347245A-E5D6-40FA-8735-213C5422BBD2}.Release|Any CPU.Build.0 = Release|Any CPU
		{2347245A-E5D6-40FA-8735-213C5422BBD2}.Release|x64.ActiveCfg = Release|Any CPU
		{2347245A-E5D6-40FA-8735-213C5422BBD2}.Release|x64.Build.0 = Release|Any CPU
		{2347245A-E5D6-40FA-8735-213C5422BBD2}.Release|x86.ActiveCfg = Release|Any CPU
		{2347245A-E5D6-40FA-8735-213C5422BBD2}.Release|x86.Build.0 = Release|Any CPU
	EndGlobalSection
	GlobalSection(SolutionProperties) = preSolution
		HideSolutionNode = FALSE
	EndGlobalSection
	GlobalSection(NestedProjects) = preSolution
		{41B96967-B255-4A22-89EC-394A1959AB62} = {827E0CD3-B72D-47B6-A68D-7590B98EB39B}
		{5A6F1670-C4A4-4AF6-92A4-9F66DE7AFD44} = {0C88DD14-F956-CE84-757C-A364CCF449FC}
		{894E6DD5-F04D-451D-826E-BED054B3DB7C} = {0C88DD14-F956-CE84-757C-A364CCF449FC}
		{2347245A-E5D6-40FA-8735-213C5422BBD2} = {0C88DD14-F956-CE84-757C-A364CCF449FC}
	EndGlobalSection
EndGlobal
